// !$*UTF8*$!
{
	archiveVersion = 1;
	classes = {
	};
	objectVersion = 55;
	objects = {

/* Begin PBXBuildFile section */
		2C4F955E27CCB36D004B9607 /* Tests_iOS.swift in Sources */ = {isa = PBXBuildFile; fileRef = 2C4F955D27CCB36D004B9607 /* Tests_iOS.swift */; };
		2C4F956027CCB36D004B9607 /* Tests_iOSLaunchTests.swift in Sources */ = {isa = PBXBuildFile; fileRef = 2C4F955F27CCB36D004B9607 /* Tests_iOSLaunchTests.swift */; };
		2C4F956A27CCB36D004B9607 /* Tests_macOS.swift in Sources */ = {isa = PBXBuildFile; fileRef = 2C4F956927CCB36D004B9607 /* Tests_macOS.swift */; };
		2C4F956C27CCB36D004B9607 /* Tests_macOSLaunchTests.swift in Sources */ = {isa = PBXBuildFile; fileRef = 2C4F956B27CCB36D004B9607 /* Tests_macOSLaunchTests.swift */; };
		2C4F956D27CCB36D004B9607 /* RotateArrayByKApp.swift in Sources */ = {isa = PBXBuildFile; fileRef = 2C4F954527CCB36C004B9607 /* RotateArrayByKApp.swift */; };
		2C4F956E27CCB36D004B9607 /* RotateArrayByKApp.swift in Sources */ = {isa = PBXBuildFile; fileRef = 2C4F954527CCB36C004B9607 /* RotateArrayByKApp.swift */; };
		2C4F956F27CCB36D004B9607 /* ContentView.swift in Sources */ = {isa = PBXBuildFile; fileRef = 2C4F954627CCB36C004B9607 /* ContentView.swift */; };
		2C4F957027CCB36D004B9607 /* ContentView.swift in Sources */ = {isa = PBXBuildFile; fileRef = 2C4F954627CCB36C004B9607 /* ContentView.swift */; };
		2C4F957127CCB36D004B9607 /* Assets.xcassets in Resources */ = {isa = PBXBuildFile; fileRef = 2C4F954727CCB36C004B9607 /* Assets.xcassets */; };
		2C4F957227CCB36D004B9607 /* Assets.xcassets in Resources */ = {isa = PBXBuildFile; fileRef = 2C4F954727CCB36C004B9607 /* Assets.xcassets */; };
		2C4F958727CCB3A5004B9607 /* Models.swift in Sources */ = {isa = PBXBuildFile; fileRef = 2C4F958127CCB3A5004B9607 /* Models.swift */; };
		2C4F958827CCB3A5004B9607 /* Models.swift in Sources */ = {isa = PBXBuildFile; fileRef = 2C4F958127CCB3A5004B9607 /* Models.swift */; };
		2C4F958927CCB3A5004B9607 /* ApiCall.swift in Sources */ = {isa = PBXBuildFile; fileRef = 2C4F958227CCB3A5004B9607 /* ApiCall.swift */; };
		2C4F958A27CCB3A5004B9607 /* ApiCall.swift in Sources */ = {isa = PBXBuildFile; fileRef = 2C4F958227CCB3A5004B9607 /* ApiCall.swift */; };
		2C4F958D27CCB3A5004B9607 /* ViewModel.swift in Sources */ = {isa = PBXBuildFile; fileRef = 2C4F958427CCB3A5004B9607 /* ViewModel.swift */; };
		2C4F958E27CCB3A5004B9607 /* ViewModel.swift in Sources */ = {isa = PBXBuildFile; fileRef = 2C4F958427CCB3A5004B9607 /* ViewModel.swift */; };
		2C4F958F27CCB3A5004B9607 /* CacheAsyncImage.swift in Sources */ = {isa = PBXBuildFile; fileRef = 2C4F958527CCB3A5004B9607 /* CacheAsyncImage.swift */; };
		2C4F959027CCB3A5004B9607 /* CacheAsyncImage.swift in Sources */ = {isa = PBXBuildFile; fileRef = 2C4F958527CCB3A5004B9607 /* CacheAsyncImage.swift */; };
		2C4F959127CCB3A5004B9607 /* GifCell.swift in Sources */ = {isa = PBXBuildFile; fileRef = 2C4F958627CCB3A5004B9607 /* GifCell.swift */; };
		2C4F959227CCB3A5004B9607 /* GifCell.swift in Sources */ = {isa = PBXBuildFile; fileRef = 2C4F958627CCB3A5004B9607 /* GifCell.swift */; };
/* End PBXBuildFile section */

/* Begin PBXContainerItemProxy section */
		2C4F955A27CCB36D004B9607 /* PBXContainerItemProxy */ = {
			isa = PBXContainerItemProxy;
			containerPortal = 2C4F954027CCB36B004B9607 /* Project object */;
			proxyType = 1;
			remoteGlobalIDString = 2C4F954B27CCB36C004B9607;
			remoteInfo = "RotateArrayByK (iOS)";
		};
		2C4F956627CCB36D004B9607 /* PBXContainerItemProxy */ = {
			isa = PBXContainerItemProxy;
			containerPortal = 2C4F954027CCB36B004B9607 /* Project object */;
			proxyType = 1;
			remoteGlobalIDString = 2C4F955127CCB36D004B9607;
			remoteInfo = "RotateArrayByK (macOS)";
		};
/* End PBXContainerItemProxy section */

/* Begin PBXFileReference section */
		2C4F954527CCB36C004B9607 /* RotateArrayByKApp.swift */ = {isa = PBXFileReference; lastKnownFileType = sourcecode.swift; path = RotateArrayByKApp.swift; sourceTree = "<group>"; };
		2C4F954627CCB36C004B9607 /* ContentView.swift */ = {isa = PBXFileReference; lastKnownFileType = sourcecode.swift; path = ContentView.swift; sourceTree = "<group>"; };
		2C4F954727CCB36C004B9607 /* Assets.xcassets */ = {isa = PBXFileReference; lastKnownFileType = folder.assetcatalog; path = Assets.xcassets; sourceTree = "<group>"; };
		2C4F954C27CCB36C004B9607 /* RotateArrayByK.app */ = {isa = PBXFileReference; explicitFileType = wrapper.application; includeInIndex = 0; path = RotateArrayByK.app; sourceTree = BUILT_PRODUCTS_DIR; };
		2C4F955227CCB36D004B9607 /* RotateArrayByK.app */ = {isa = PBXFileReference; explicitFileType = wrapper.application; includeInIndex = 0; path = RotateArrayByK.app; sourceTree = BUILT_PRODUCTS_DIR; };
		2C4F955427CCB36D004B9607 /* macOS.entitlements */ = {isa = PBXFileReference; lastKnownFileType = text.plist.entitlements; path = macOS.entitlements; sourceTree = "<group>"; };
		2C4F955927CCB36D004B9607 /* Tests iOS.xctest */ = {isa = PBXFileReference; explicitFileType = wrapper.cfbundle; includeInIndex = 0; path = "Tests iOS.xctest"; sourceTree = BUILT_PRODUCTS_DIR; };
		2C4F955D27CCB36D004B9607 /* Tests_iOS.swift */ = {isa = PBXFileReference; lastKnownFileType = sourcecode.swift; path = Tests_iOS.swift; sourceTree = "<group>"; };
		2C4F955F27CCB36D004B9607 /* Tests_iOSLaunchTests.swift */ = {isa = PBXFileReference; lastKnownFileType = sourcecode.swift; path = Tests_iOSLaunchTests.swift; sourceTree = "<group>"; };
		2C4F956527CCB36D004B9607 /* Tests macOS.xctest */ = {isa = PBXFileReference; explicitFileType = wrapper.cfbundle; includeInIndex = 0; path = "Tests macOS.xctest"; sourceTree = BUILT_PRODUCTS_DIR; };
		2C4F956927CCB36D004B9607 /* Tests_macOS.swift */ = {isa = PBXFileReference; lastKnownFileType = sourcecode.swift; path = Tests_macOS.swift; sourceTree = "<group>"; };
		2C4F956B27CCB36D004B9607 /* Tests_macOSLaunchTests.swift */ = {isa = PBXFileReference; lastKnownFileType = sourcecode.swift; path = Tests_macOSLaunchTests.swift; sourceTree = "<group>"; };
		2C4F958127CCB3A5004B9607 /* Models.swift */ = {isa = PBXFileReference; fileEncoding = 4; lastKnownFileType = sourcecode.swift; path = Models.swift; sourceTree = "<group>"; };
		2C4F958227CCB3A5004B9607 /* ApiCall.swift */ = {isa = PBXFileReference; fileEncoding = 4; lastKnownFileType = sourcecode.swift; path = ApiCall.swift; sourceTree = "<group>"; };
		2C4F958427CCB3A5004B9607 /* ViewModel.swift */ = {isa = PBXFileReference; fileEncoding = 4; lastKnownFileType = sourcecode.swift; path = ViewModel.swift; sourceTree = "<group>"; };
		2C4F958527CCB3A5004B9607 /* CacheAsyncImage.swift */ = {isa = PBXFileReference; fileEncoding = 4; lastKnownFileType = sourcecode.swift; path = CacheAsyncImage.swift; sourceTree = "<group>"; };
		2C4F958627CCB3A5004B9607 /* GifCell.swift */ = {isa = PBXFileReference; fileEncoding = 4; lastKnownFileType = sourcecode.swift; path = GifCell.swift; sourceTree = "<group>"; };
/* End PBXFileReference section */

/* Begin PBXFrameworksBuildPhase section */
		2C4F954927CCB36C004B9607 /* Frameworks */ = {
			isa = PBXFrameworksBuildPhase;
			buildActionMask = 2147483647;
			files = (
			);
			runOnlyForDeploymentPostprocessing = 0;
		};
		2C4F954F27CCB36D004B9607 /* Frameworks */ = {
			isa = PBXFrameworksBuildPhase;
			buildActionMask = 2147483647;
			files = (
			);
			runOnlyForDeploymentPostprocessing = 0;
		};
		2C4F955627CCB36D004B9607 /* Frameworks */ = {
			isa = PBXFrameworksBuildPhase;
			buildActionMask = 2147483647;
			files = (
			);
			runOnlyForDeploymentPostprocessing = 0;
		};
		2C4F956227CCB36D004B9607 /* Frameworks */ = {
			isa = PBXFrameworksBuildPhase;
			buildActionMask = 2147483647;
			files = (
			);
			runOnlyForDeploymentPostprocessing = 0;
		};
/* End PBXFrameworksBuildPhase section */

/* Begin PBXGroup section */
		2C4F953F27CCB36B004B9607 = {
			isa = PBXGroup;
			children = (
				2C4F954427CCB36C004B9607 /* Shared */,
				2C4F955327CCB36D004B9607 /* macOS */,
				2C4F955C27CCB36D004B9607 /* Tests iOS */,
				2C4F956827CCB36D004B9607 /* Tests macOS */,
				2C4F954D27CCB36C004B9607 /* Products */,
			);
			sourceTree = "<group>";
		};
		2C4F954427CCB36C004B9607 /* Shared */ = {
			isa = PBXGroup;
			children = (
				2C4F954527CCB36C004B9607 /* RotateArrayByKApp.swift */,
				2C4F954627CCB36C004B9607 /* ContentView.swift */,
				2C4F954727CCB36C004B9607 /* Assets.xcassets */,
				2C4F958427CCB3A5004B9607 /* ViewModel.swift */,
				2C4F958227CCB3A5004B9607 /* ApiCall.swift */,
				2C4F958527CCB3A5004B9607 /* CacheAsyncImage.swift */,
				2C4F958627CCB3A5004B9607 /* GifCell.swift */,
				2C4F958127CCB3A5004B9607 /* Models.swift */,
			);
			path = Shared;
			sourceTree = "<group>";
		};
		2C4F954D27CCB36C004B9607 /* Products */ = {
			isa = PBXGroup;
			children = (
				2C4F954C27CCB36C004B9607 /* RotateArrayByK.app */,
				2C4F955227CCB36D004B9607 /* RotateArrayByK.app */,
				2C4F955927CCB36D004B9607 /* Tests iOS.xctest */,
				2C4F956527CCB36D004B9607 /* Tests macOS.xctest */,
			);
			name = Products;
			sourceTree = "<group>";
		};
		2C4F955327CCB36D004B9607 /* macOS */ = {
			isa = PBXGroup;
			children = (
				2C4F955427CCB36D004B9607 /* macOS.entitlements */,
			);
			path = macOS;
			sourceTree = "<group>";
		};
		2C4F955C27CCB36D004B9607 /* Tests iOS */ = {
			isa = PBXGroup;
			children = (
				2C4F955D27CCB36D004B9607 /* Tests_iOS.swift */,
				2C4F955F27CCB36D004B9607 /* Tests_iOSLaunchTests.swift */,
			);
			path = "Tests iOS";
			sourceTree = "<group>";
		};
		2C4F956827CCB36D004B9607 /* Tests macOS */ = {
			isa = PBXGroup;
			children = (
				2C4F956927CCB36D004B9607 /* Tests_macOS.swift */,
				2C4F956B27CCB36D004B9607 /* Tests_macOSLaunchTests.swift */,
			);
			path = "Tests macOS";
			sourceTree = "<group>";
		};
/* End PBXGroup section */

/* Begin PBXNativeTarget section */
		2C4F954B27CCB36C004B9607 /* RotateArrayByK (iOS) */ = {
			isa = PBXNativeTarget;
			buildConfigurationList = 2C4F957527CCB36D004B9607 /* Build configuration list for PBXNativeTarget "RotateArrayByK (iOS)" */;
			buildPhases = (
				2C4F954827CCB36C004B9607 /* Sources */,
				2C4F954927CCB36C004B9607 /* Frameworks */,
				2C4F954A27CCB36C004B9607 /* Resources */,
			);
			buildRules = (
			);
			dependencies = (
			);
			name = "RotateArrayByK (iOS)";
			productName = "RotateArrayByK (iOS)";
			productReference = 2C4F954C27CCB36C004B9607 /* RotateArrayByK.app */;
			productType = "com.apple.product-type.application";
		};
		2C4F955127CCB36D004B9607 /* RotateArrayByK (macOS) */ = {
			isa = PBXNativeTarget;
			buildConfigurationList = 2C4F957827CCB36D004B9607 /* Build configuration list for PBXNativeTarget "RotateArrayByK (macOS)" */;
			buildPhases = (
				2C4F954E27CCB36D004B9607 /* Sources */,
				2C4F954F27CCB36D004B9607 /* Frameworks */,
				2C4F955027CCB36D004B9607 /* Resources */,
			);
			buildRules = (
			);
			dependencies = (
			);
			name = "RotateArrayByK (macOS)";
			productName = "RotateArrayByK (macOS)";
			productReference = 2C4F955227CCB36D004B9607 /* RotateArrayByK.app */;
			productType = "com.apple.product-type.application";
		};
		2C4F955827CCB36D004B9607 /* Tests iOS */ = {
			isa = PBXNativeTarget;
			buildConfigurationList = 2C4F957B27CCB36D004B9607 /* Build configuration list for PBXNativeTarget "Tests iOS" */;
			buildPhases = (
				2C4F955527CCB36D004B9607 /* Sources */,
				2C4F955627CCB36D004B9607 /* Frameworks */,
				2C4F955727CCB36D004B9607 /* Resources */,
			);
			buildRules = (
			);
			dependencies = (
				2C4F955B27CCB36D004B9607 /* PBXTargetDependency */,
			);
			name = "Tests iOS";
			productName = "Tests iOS";
			productReference = 2C4F955927CCB36D004B9607 /* Tests iOS.xctest */;
			productType = "com.apple.product-type.bundle.ui-testing";
		};
		2C4F956427CCB36D004B9607 /* Tests macOS */ = {
			isa = PBXNativeTarget;
			buildConfigurationList = 2C4F957E27CCB36D004B9607 /* Build configuration list for PBXNativeTarget "Tests macOS" */;
			buildPhases = (
				2C4F956127CCB36D004B9607 /* Sources */,
				2C4F956227CCB36D004B9607 /* Frameworks */,
				2C4F956327CCB36D004B9607 /* Resources */,
			);
			buildRules = (
			);
			dependencies = (
				2C4F956727CCB36D004B9607 /* PBXTargetDependency */,
			);
			name = "Tests macOS";
			productName = "Tests macOS";
			productReference = 2C4F956527CCB36D004B9607 /* Tests macOS.xctest */;
			productType = "com.apple.product-type.bundle.ui-testing";
		};
/* End PBXNativeTarget section */

/* Begin PBXProject section */
		2C4F954027CCB36B004B9607 /* Project object */ = {
			isa = PBXProject;
			attributes = {
				BuildIndependentTargetsInParallel = 1;
				LastSwiftUpdateCheck = 1320;
				LastUpgradeCheck = 1320;
				TargetAttributes = {
					2C4F954B27CCB36C004B9607 = {
						CreatedOnToolsVersion = 13.2.1;
					};
					2C4F955127CCB36D004B9607 = {
						CreatedOnToolsVersion = 13.2.1;
					};
					2C4F955827CCB36D004B9607 = {
						CreatedOnToolsVersion = 13.2.1;
						TestTargetID = 2C4F954B27CCB36C004B9607;
					};
					2C4F956427CCB36D004B9607 = {
						CreatedOnToolsVersion = 13.2.1;
						TestTargetID = 2C4F955127CCB36D004B9607;
					};
				};
			};
			buildConfigurationList = 2C4F954327CCB36B004B9607 /* Build configuration list for PBXProject "RotateArrayByK" */;
			compatibilityVersion = "Xcode 13.0";
			developmentRegion = en;
			hasScannedForEncodings = 0;
			knownRegions = (
				en,
				Base,
			);
			mainGroup = 2C4F953F27CCB36B004B9607;
			productRefGroup = 2C4F954D27CCB36C004B9607 /* Products */;
			projectDirPath = "";
			projectRoot = "";
			targets = (
				2C4F954B27CCB36C004B9607 /* RotateArrayByK (iOS) */,
				2C4F955127CCB36D004B9607 /* RotateArrayByK (macOS) */,
				2C4F955827CCB36D004B9607 /* Tests iOS */,
				2C4F956427CCB36D004B9607 /* Tests macOS */,
			);
		};
/* End PBXProject section */

/* Begin PBXResourcesBuildPhase section */
		2C4F954A27CCB36C004B9607 /* Resources */ = {
			isa = PBXResourcesBuildPhase;
			buildActionMask = 2147483647;
			files = (
				2C4F957127CCB36D004B9607 /* Assets.xcassets in Resources */,
			);
			runOnlyForDeploymentPostprocessing = 0;
		};
		2C4F955027CCB36D004B9607 /* Resources */ = {
			isa = PBXResourcesBuildPhase;
			buildActionMask = 2147483647;
			files = (
				2C4F957227CCB36D004B9607 /* Assets.xcassets in Resources */,
			);
			runOnlyForDeploymentPostprocessing = 0;
		};
		2C4F955727CCB36D004B9607 /* Resources */ = {
			isa = PBXResourcesBuildPhase;
			buildActionMask = 2147483647;
			files = (
			);
			runOnlyForDeploymentPostprocessing = 0;
		};
		2C4F956327CCB36D004B9607 /* Resources */ = {
			isa = PBXResourcesBuildPhase;
			buildActionMask = 2147483647;
			files = (
			);
			runOnlyForDeploymentPostprocessing = 0;
		};
/* End PBXResourcesBuildPhase section */

/* Begin PBXSourcesBuildPhase section */
		2C4F954827CCB36C004B9607 /* Sources */ = {
			isa = PBXSourcesBuildPhase;
			buildActionMask = 2147483647;
			files = (
				2C4F958727CCB3A5004B9607 /* Models.swift in Sources */,
				2C4F956F27CCB36D004B9607 /* ContentView.swift in Sources */,
				2C4F958927CCB3A5004B9607 /* ApiCall.swift in Sources */,
				2C4F958D27CCB3A5004B9607 /* ViewModel.swift in Sources */,
				2C4F958F27CCB3A5004B9607 /* CacheAsyncImage.swift in Sources */,
				2C4F959127CCB3A5004B9607 /* GifCell.swift in Sources */,
				2C4F956D27CCB36D004B9607 /* RotateArrayByKApp.swift in Sources */,
			);
			runOnlyForDeploymentPostprocessing = 0;
		};
		2C4F954E27CCB36D004B9607 /* Sources */ = {
			isa = PBXSourcesBuildPhase;
			buildActionMask = 2147483647;
			files = (
				2C4F958827CCB3A5004B9607 /* Models.swift in Sources */,
				2C4F957027CCB36D004B9607 /* ContentView.swift in Sources */,
				2C4F958A27CCB3A5004B9607 /* ApiCall.swift in Sources */,
				2C4F958E27CCB3A5004B9607 /* ViewModel.swift in Sources */,
				2C4F959027CCB3A5004B9607 /* CacheAsyncImage.swift in Sources */,
				2C4F959227CCB3A5004B9607 /* GifCell.swift in Sources */,
				2C4F956E27CCB36D004B9607 /* RotateArrayByKApp.swift in Sources */,
			);
			runOnlyForDeploymentPostprocessing = 0;
		};
		2C4F955527CCB36D004B9607 /* Sources */ = {
			isa = PBXSourcesBuildPhase;
			buildActionMask = 2147483647;
			files = (
				2C4F956027CCB36D004B9607 /* Tests_iOSLaunchTests.swift in Sources */,
				2C4F955E27CCB36D004B9607 /* Tests_iOS.swift in Sources */,
			);
			runOnlyForDeploymentPostprocessing = 0;
		};
		2C4F956127CCB36D004B9607 /* Sources */ = {
			isa = PBXSourcesBuildPhase;
			buildActionMask = 2147483647;
			files = (
				2C4F956C27CCB36D004B9607 /* Tests_macOSLaunchTests.swift in Sources */,
				2C4F956A27CCB36D004B9607 /* Tests_macOS.swift in Sources */,
			);
			runOnlyForDeploymentPostprocessing = 0;
		};
/* End PBXSourcesBuildPhase section */

/* Begin PBXTargetDependency section */
		2C4F955B27CCB36D004B9607 /* PBXTargetDependency */ = {
			isa = PBXTargetDependency;
			target = 2C4F954B27CCB36C004B9607 /* RotateArrayByK (iOS) */;
			targetProxy = 2C4F955A27CCB36D004B9607 /* PBXContainerItemProxy */;
		};
		2C4F956727CCB36D004B9607 /* PBXTargetDependency */ = {
			isa = PBXTargetDependency;
			target = 2C4F955127CCB36D004B9607 /* RotateArrayByK (macOS) */;
			targetProxy = 2C4F956627CCB36D004B9607 /* PBXContainerItemProxy */;
		};
/* End PBXTargetDependency section */

/* Begin XCBuildConfiguration section */
		2C4F957327CCB36D004B9607 /* Debug */ = {
			isa = XCBuildConfiguration;
			buildSettings = {
				ALWAYS_SEARCH_USER_PATHS = NO;
				CLANG_ANALYZER_NONNULL = YES;
				CLANG_ANALYZER_NUMBER_OBJECT_CONVERSION = YES_AGGRESSIVE;
				CLANG_CXX_LANGUAGE_STANDARD = "gnu++17";
				CLANG_CXX_LIBRARY = "libc++";
				CLANG_ENABLE_MODULES = YES;
				CLANG_ENABLE_OBJC_ARC = YES;
				CLANG_ENABLE_OBJC_WEAK = YES;
				CLANG_WARN_BLOCK_CAPTURE_AUTORELEASING = YES;
				CLANG_WARN_BOOL_CONVERSION = YES;
				CLANG_WARN_COMMA = YES;
				CLANG_WARN_CONSTANT_CONVERSION = YES;
				CLANG_WARN_DEPRECATED_OBJC_IMPLEMENTATIONS = YES;
				CLANG_WARN_DIRECT_OBJC_ISA_USAGE = YES_ERROR;
				CLANG_WARN_DOCUMENTATION_COMMENTS = YES;
				CLANG_WARN_EMPTY_BODY = YES;
				CLANG_WARN_ENUM_CONVERSION = YES;
				CLANG_WARN_INFINITE_RECURSION = YES;
				CLANG_WARN_INT_CONVERSION = YES;
				CLANG_WARN_NON_LITERAL_NULL_CONVERSION = YES;
				CLANG_WARN_OBJC_IMPLICIT_RETAIN_SELF = YES;
				CLANG_WARN_OBJC_LITERAL_CONVERSION = YES;
				CLANG_WARN_OBJC_ROOT_CLASS = YES_ERROR;
				CLANG_WARN_QUOTED_INCLUDE_IN_FRAMEWORK_HEADER = YES;
				CLANG_WARN_RANGE_LOOP_ANALYSIS = YES;
				CLANG_WARN_STRICT_PROTOTYPES = YES;
				CLANG_WARN_SUSPICIOUS_MOVE = YES;
				CLANG_WARN_UNGUARDED_AVAILABILITY = YES_AGGRESSIVE;
				CLANG_WARN_UNREACHABLE_CODE = YES;
				CLANG_WARN__DUPLICATE_METHOD_MATCH = YES;
				COPY_PHASE_STRIP = NO;
				DEBUG_INFORMATION_FORMAT = dwarf;
				ENABLE_STRICT_OBJC_MSGSEND = YES;
				ENABLE_TESTABILITY = YES;
				GCC_C_LANGUAGE_STANDARD = gnu11;
				GCC_DYNAMIC_NO_PIC = NO;
				GCC_NO_COMMON_BLOCKS = YES;
				GCC_OPTIMIZATION_LEVEL = 0;
				GCC_PREPROCESSOR_DEFINITIONS = (
					"DEBUG=1",
					"$(inherited)",
				);
				GCC_WARN_64_TO_32_BIT_CONVERSION = YES;
				GCC_WARN_ABOUT_RETURN_TYPE = YES_ERROR;
				GCC_WARN_UNDECLARED_SELECTOR = YES;
				GCC_WARN_UNINITIALIZED_AUTOS = YES_AGGRESSIVE;
				GCC_WARN_UNUSED_FUNCTION = YES;
				GCC_WARN_UNUSED_VARIABLE = YES;
				MTL_ENABLE_DEBUG_INFO = INCLUDE_SOURCE;
				MTL_FAST_MATH = YES;
				ONLY_ACTIVE_ARCH = YES;
				SWIFT_ACTIVE_COMPILATION_CONDITIONS = DEBUG;
				SWIFT_OPTIMIZATION_LEVEL = "-Onone";
			};
			name = Debug;
		};
		2C4F957427CCB36D004B9607 /* Release */ = {
			isa = XCBuildConfiguration;
			buildSettings = {
				ALWAYS_SEARCH_USER_PATHS = NO;
				CLANG_ANALYZER_NONNULL = YES;
				CLANG_ANALYZER_NUMBER_OBJECT_CONVERSION = YES_AGGRESSIVE;
				CLANG_CXX_LANGUAGE_STANDARD = "gnu++17";
				CLANG_CXX_LIBRARY = "libc++";
				CLANG_ENABLE_MODULES = YES;
				CLANG_ENABLE_OBJC_ARC = YES;
				CLANG_ENABLE_OBJC_WEAK = YES;
				CLANG_WARN_BLOCK_CAPTURE_AUTORELEASING = YES;
				CLANG_WARN_BOOL_CONVERSION = YES;
				CLANG_WARN_COMMA = YES;
				CLANG_WARN_CONSTANT_CONVERSION = YES;
				CLANG_WARN_DEPRECATED_OBJC_IMPLEMENTATIONS = YES;
				CLANG_WARN_DIRECT_OBJC_ISA_USAGE = YES_ERROR;
				CLANG_WARN_DOCUMENTATION_COMMENTS = YES;
				CLANG_WARN_EMPTY_BODY = YES;
				CLANG_WARN_ENUM_CONVERSION = YES;
				CLANG_WARN_INFINITE_RECURSION = YES;
				CLANG_WARN_INT_CONVERSION = YES;
				CLANG_WARN_NON_LITERAL_NULL_CONVERSION = YES;
				CLANG_WARN_OBJC_IMPLICIT_RETAIN_SELF = YES;
				CLANG_WARN_OBJC_LITERAL_CONVERSION = YES;
				CLANG_WARN_OBJC_ROOT_CLASS = YES_ERROR;
				CLANG_WARN_QUOTED_INCLUDE_IN_FRAMEWORK_HEADER = YES;
				CLANG_WARN_RANGE_LOOP_ANALYSIS = YES;
				CLANG_WARN_STRICT_PROTOTYPES = YES;
				CLANG_WARN_SUSPICIOUS_MOVE = YES;
				CLANG_WARN_UNGUARDED_AVAILABILITY = YES_AGGRESSIVE;
				CLANG_WARN_UNREACHABLE_CODE = YES;
				CLANG_WARN__DUPLICATE_METHOD_MATCH = YES;
				COPY_PHASE_STRIP = NO;
				DEBUG_INFORMATION_FORMAT = "dwarf-with-dsym";
				ENABLE_NS_ASSERTIONS = NO;
				ENABLE_STRICT_OBJC_MSGSEND = YES;
				GCC_C_LANGUAGE_STANDARD = gnu11;
				GCC_NO_COMMON_BLOCKS = YES;
				GCC_WARN_64_TO_32_BIT_CONVERSION = YES;
				GCC_WARN_ABOUT_RETURN_TYPE = YES_ERROR;
				GCC_WARN_UNDECLARED_SELECTOR = YES;
				GCC_WARN_UNINITIALIZED_AUTOS = YES_AGGRESSIVE;
				GCC_WARN_UNUSED_FUNCTION = YES;
				GCC_WARN_UNUSED_VARIABLE = YES;
				MTL_ENABLE_DEBUG_INFO = NO;
				MTL_FAST_MATH = YES;
				SWIFT_COMPILATION_MODE = wholemodule;
				SWIFT_OPTIMIZATION_LEVEL = "-O";
			};
			name = Release;
		};
		2C4F957627CCB36D004B9607 /* Debug */ = {
			isa = XCBuildConfiguration;
			buildSettings = {
				ASSETCATALOG_COMPILER_APPICON_NAME = AppIcon;
				ASSETCATALOG_COMPILER_GLOBAL_ACCENT_COLOR_NAME = AccentColor;
				CODE_SIGN_STYLE = Automatic;
				CURRENT_PROJECT_VERSION = 1;
				DEVELOPMENT_TEAM = Y3HVN468NS;
				ENABLE_PREVIEWS = YES;
				GENERATE_INFOPLIST_FILE = YES;
				INFOPLIST_KEY_UIApplicationSceneManifest_Generation = YES;
				INFOPLIST_KEY_UIApplicationSupportsIndirectInputEvents = YES;
				INFOPLIST_KEY_UILaunchScreen_Generation = YES;
				INFOPLIST_KEY_UISupportedInterfaceOrientations_iPad = "UIInterfaceOrientationPortrait UIInterfaceOrientationPortraitUpsideDown UIInterfaceOrientationLandscapeLeft UIInterfaceOrientationLandscapeRight";
				INFOPLIST_KEY_UISupportedInterfaceOrientations_iPhone = "UIInterfaceOrientationPortrait UIInterfaceOrientationLandscapeLeft UIInterfaceOrientationLandscapeRight";
				IPHONEOS_DEPLOYMENT_TARGET = 15.2;
				LD_RUNPATH_SEARCH_PATHS = (
					"$(inherited)",
					"@executable_path/Frameworks",
				);
				MARKETING_VERSION = 1.0;
				PRODUCT_BUNDLE_IDENTIFIER = RotateArrayByK.RotateArrayByK;
				PRODUCT_NAME = RotateArrayByK;
				SDKROOT = iphoneos;
				SWIFT_EMIT_LOC_STRINGS = YES;
				SWIFT_VERSION = 5.0;
				TARGETED_DEVICE_FAMILY = "1,2";
			};
			name = Debug;
		};
		2C4F957727CCB36D004B9607 /* Release */ = {
			isa = XCBuildConfiguration;
			buildSettings = {
				ASSETCATALOG_COMPILER_APPICON_NAME = AppIcon;
				ASSETCATALOG_COMPILER_GLOBAL_ACCENT_COLOR_NAME = AccentColor;
				CODE_SIGN_STYLE = Automatic;
				CURRENT_PROJECT_VERSION = 1;
				DEVELOPMENT_TEAM = Y3HVN468NS;
				ENABLE_PREVIEWS = YES;
				GENERATE_INFOPLIST_FILE = YES;
				INFOPLIST_KEY_UIApplicationSceneManifest_Generation = YES;
				INFOPLIST_KEY_UIApplicationSupportsIndirectInputEvents = YES;
				INFOPLIST_KEY_UILaunchScreen_Generation = YES;
				INFOPLIST_KEY_UISupportedInterfaceOrientations_iPad = "UIInterfaceOrientationPortrait UIInterfaceOrientationPortraitUpsideDown UIInterfaceOrientationLandscapeLeft UIInterfaceOrientationLandscapeRight";
				INFOPLIST_KEY_UISupportedInterfaceOrientations_iPhone = "UIInterfaceOrientationPortrait UIInterfaceOrientationLandscapeLeft UIInterfaceOrientationLandscapeRight";
				IPHONEOS_DEPLOYMENT_TARGET = 15.2;
				LD_RUNPATH_SEARCH_PATHS = (
					"$(inherited)",
					"@executable_path/Frameworks",
				);
				MARKETING_VERSION = 1.0;
				PRODUCT_BUNDLE_IDENTIFIER = RotateArrayByK.RotateArrayByK;
				PRODUCT_NAME = RotateArrayByK;
				SDKROOT = iphoneos;
				SWIFT_EMIT_LOC_STRINGS = YES;
				SWIFT_VERSION = 5.0;
				TARGETED_DEVICE_FAMILY = "1,2";
				VALIDATE_PRODUCT = YES;
			};
			name = Release;
		};
		2C4F957927CCB36D004B9607 /* Debug */ = {
			isa = XCBuildConfiguration;
			buildSettings = {
				ASSETCATALOG_COMPILER_APPICON_NAME = AppIcon;
				ASSETCATALOG_COMPILER_GLOBAL_ACCENT_COLOR_NAME = AccentColor;
				CODE_SIGN_ENTITLEMENTS = macOS/macOS.entitlements;
				CODE_SIGN_STYLE = Automatic;
				COMBINE_HIDPI_IMAGES = YES;
				CURRENT_PROJECT_VERSION = 1;
				DEVELOPMENT_TEAM = Y3HVN468NS;
				ENABLE_HARDENED_RUNTIME = YES;
				ENABLE_PREVIEWS = YES;
				GENERATE_INFOPLIST_FILE = YES;
				INFOPLIST_KEY_NSHumanReadableCopyright = "";
				LD_RUNPATH_SEARCH_PATHS = (
					"$(inherited)",
					"@executable_path/../Frameworks",
				);
				MACOSX_DEPLOYMENT_TARGET = 12.1;
				MARKETING_VERSION = 1.0;
				PRODUCT_BUNDLE_IDENTIFIER = RotateArrayByK.RotateArrayByK;
				PRODUCT_NAME = RotateArrayByK;
				SDKROOT = macosx;
				SWIFT_EMIT_LOC_STRINGS = YES;
				SWIFT_VERSION = 5.0;
			};
			name = Debug;
		};
		2C4F957A27CCB36D004B9607 /* Release */ = {
			isa = XCBuildConfiguration;
			buildSettings = {
				ASSETCATALOG_COMPILER_APPICON_NAME = AppIcon;
				ASSETCATALOG_COMPILER_GLOBAL_ACCENT_COLOR_NAME = AccentColor;
				CODE_SIGN_ENTITLEMENTS = macOS/macOS.entitlements;
				CODE_SIGN_STYLE = Automatic;
				COMBINE_HIDPI_IMAGES = YES;
				CURRENT_PROJECT_VERSION = 1;
				DEVELOPMENT_TEAM = Y3HVN468NS;
				ENABLE_HARDENED_RUNTIME = YES;
				ENABLE_PREVIEWS = YES;
				GENERATE_INFOPLIST_FILE = YES;
				INFOPLIST_KEY_NSHumanReadableCopyright = "";
				LD_RUNPATH_SEARCH_PATHS = (
					"$(inherited)",
					"@executable_path/../Frameworks",
				);
				MACOSX_DEPLOYMENT_TARGET = 12.1;
				MARKETING_VERSION = 1.0;
				PRODUCT_BUNDLE_IDENTIFIER = RotateArrayByK.RotateArrayByK;
				PRODUCT_NAME = RotateArrayByK;
				SDKROOT = macosx;
				SWIFT_EMIT_LOC_STRINGS = YES;
				SWIFT_VERSION = 5.0;
			};
			name = Release;
		};
		2C4F957C27CCB36D004B9607 /* Debug */ = {
			isa = XCBuildConfiguration;
			buildSettings = {
				ALWAYS_EMBED_SWIFT_STANDARD_LIBRARIES = YES;
				CODE_SIGN_STYLE = Automatic;
				CURRENT_PROJECT_VERSION = 1;
				DEVELOPMENT_TEAM = Y3HVN468NS;
				GENERATE_INFOPLIST_FILE = YES;
				IPHONEOS_DEPLOYMENT_TARGET = 15.2;
				MARKETING_VERSION = 1.0;
				PRODUCT_BUNDLE_IDENTIFIER = "RotateArrayByK.Tests-iOS";
				PRODUCT_NAME = "$(TARGET_NAME)";
				SDKROOT = iphoneos;
				SWIFT_EMIT_LOC_STRINGS = NO;
				SWIFT_VERSION = 5.0;
				TARGETED_DEVICE_FAMILY = "1,2";
				TEST_TARGET_NAME = "RotateArrayByK (iOS)";
			};
			name = Debug;
		};
		2C4F957D27CCB36D004B9607 /* Release */ = {
			isa = XCBuildConfiguration;
			buildSettings = {
				ALWAYS_EMBED_SWIFT_STANDARD_LIBRARIES = YES;
				CODE_SIGN_STYLE = Automatic;
				CURRENT_PROJECT_VERSION = 1;
				DEVELOPMENT_TEAM = Y3HVN468NS;
				GENERATE_INFOPLIST_FILE = YES;
				IPHONEOS_DEPLOYMENT_TARGET = 15.2;
				MARKETING_VERSION = 1.0;
				PRODUCT_BUNDLE_IDENTIFIER = "RotateArrayByK.Tests-iOS";
				PRODUCT_NAME = "$(TARGET_NAME)";
				SDKROOT = iphoneos;
				SWIFT_EMIT_LOC_STRINGS = NO;
				SWIFT_VERSION = 5.0;
				TARGETED_DEVICE_FAMILY = "1,2";
				TEST_TARGET_NAME = "RotateArrayByK (iOS)";
				VALIDATE_PRODUCT = YES;
			};
			name = Release;
		};
		2C4F957F27CCB36D004B9607 /* Debug */ = {
			isa = XCBuildConfiguration;
			buildSettings = {
				ALWAYS_EMBED_SWIFT_STANDARD_LIBRARIES = YES;
				CODE_SIGN_STYLE = Automatic;
				CURRENT_PROJECT_VERSION = 1;
				DEVELOPMENT_TEAM = Y3HVN468NS;
				GENERATE_INFOPLIST_FILE = YES;
				MACOSX_DEPLOYMENT_TARGET = 12.1;
				MARKETING_VERSION = 1.0;
				PRODUCT_BUNDLE_IDENTIFIER = "RotateArrayByK.Tests-macOS";
				PRODUCT_NAME = "$(TARGET_NAME)";
				SDKROOT = macosx;
				SWIFT_EMIT_LOC_STRINGS = NO;
				SWIFT_VERSION = 5.0;
				TEST_TARGET_NAME = "RotateArrayByK (macOS)";
			};
			name = Debug;
		};
		2C4F958027CCB36D004B9607 /* Release */ = {
			isa = XCBuildConfiguration;
			buildSettings = {
				ALWAYS_EMBED_SWIFT_STANDARD_LIBRARIES = YES;
				CODE_SIGN_STYLE = Automatic;
				CURRENT_PROJECT_VERSION = 1;
				DEVELOPMENT_TEAM = Y3HVN468NS;
				GENERATE_INFOPLIST_FILE = YES;
				MACOSX_DEPLOYMENT_TARGET = 12.1;
				MARKETING_VERSION = 1.0;
				PRODUCT_BUNDLE_IDENTIFIER = "RotateArrayByK.Tests-macOS";
				PRODUCT_NAME = "$(TARGET_NAME)";
				SDKROOT = macosx;
				SWIFT_EMIT_LOC_STRINGS = NO;
				SWIFT_VERSION = 5.0;
				TEST_TARGET_NAME = "RotateArrayByK (macOS)";
			};
			name = Release;
		};
/* End XCBuildConfiguration section */

/* Begin XCConfigurationList section */
		2C4F954327CCB36B004B9607 /* Build configuration list for PBXProject "RotateArrayByK" */ = {
			isa = XCConfigurationList;
			buildConfigurations = (
				2C4F957327CCB36D004B9607 /* Debug */,
				2C4F957427CCB36D004B9607 /* Release */,
			);
			defaultConfigurationIsVisible = 0;
			defaultConfigurationName = Release;
		};
		2C4F957527CCB36D004B9607 /* Build configuration list for PBXNativeTarget "RotateArrayByK (iOS)" */ = {
			isa = XCConfigurationList;
			buildConfigurations = (
				2C4F957627CCB36D004B9607 /* Debug */,
				2C4F957727CCB36D004B9607 /* Release */,
			);
			defaultConfigurationIsVisible = 0;
			defaultConfigurationName = Release;
		};
		2C4F957827CCB36D004B9607 /* Build configuration list for PBXNativeTarget "RotateArrayByK (macOS)" */ = {
			isa = XCConfigurationList;
			buildConfigurations = (
				2C4F957927CCB36D004B9607 /* Debug */,
				2C4F957A27CCB36D004B9607 /* Release */,
			);
			defaultConfigurationIsVisible = 0;
			defaultConfigurationName = Release;
		};
		2C4F957B27CCB36D004B9607 /* Build configuration list for PBXNativeTarget "Tests iOS" */ = {
			isa = XCConfigurationList;
			buildConfigurations = (
				2C4F957C27CCB36D004B9607 /* Debug */,
				2C4F957D27CCB36D004B9607 /* Release */,
			);
			defaultConfigurationIsVisible = 0;
			defaultConfigurationName = Release;
		};
		2C4F957E27CCB36D004B9607 /* Build configuration list for PBXNativeTarget "Tests macOS" */ = {
			isa = XCConfigurationList;
			buildConfigurations = (
				2C4F957F27CCB36D004B9607 /* Debug */,
				2C4F958027CCB36D004B9607 /* Release */,
			);
			defaultConfigurationIsVisible = 0;
			defaultConfigurationName = Release;
		};
/* End XCConfigurationList section */
	};
	rootObject = 2C4F954027CCB36B004B9607 /* Project object */;
}
